
Microsoft Visual Studio Solution File, Format Version 12.00
# Visual Studio Version 16
VisualStudioVersion = 16.0.29001.49
MinimumVisualStudioVersion = 10.0.40219.1
Project("{2150E333-8FDC-42A3-9474-1A3956D46DE8}") = "1 - Application", "1 - Application", "{78286681-97C3-40CF-96E5-A2C53B04BF4E}"
EndProject
Project("{2150E333-8FDC-42A3-9474-1A3956D46DE8}") = "2 - Domain", "2 - Domain", "{36BEFA5E-59C5-465D-B56C-EDBF6E65DF38}"
EndProject
Project("{2150E333-8FDC-42A3-9474-1A3956D46DE8}") = "3 - Service", "3 - Service", "{0BF440D7-BC65-4C28-887E-9FEFF6D8D866}"
EndProject
Project("{2150E333-8FDC-42A3-9474-1A3956D46DE8}") = "4 - Infra", "4 - Infra", "{D5F0F6CF-0881-42DD-B91B-199E0D70638F}"
EndProject
Project("{2150E333-8FDC-42A3-9474-1A3956D46DE8}") = "4.1 - Data", "4.1 - Data", "{0C4D905A-1ED3-4280-A548-90CC62E6F3E8}"
EndProject
Project("{2150E333-8FDC-42A3-9474-1A3956D46DE8}") = "5 - IoC", "5 - IoC", "{285E9192-84D9-4E12-8EFC-2BF7C34AE0AF}"
EndProject
Project("{2150E333-8FDC-42A3-9474-1A3956D46DE8}") = "6-Test", "6-Test", "{52F34C89-4C42-4C8B-8152-C6E8F336B1C1}"
EndProject
Project("{9A19103F-16F7-4668-BE54-9A1E7A4F7556}") = "Gol.Api", "Gol.Api\Gol.Api.csproj", "{E24A75DA-9962-4C7C-8BC8-09A003ABEED0}"
EndProject
Project("{9A19103F-16F7-4668-BE54-9A1E7A4F7556}") = "Gol.Domain", "Gol.Domain\Gol.Domain.csproj", "{6CD13B2E-8EC7-4B1E-92EA-BF1719C01B5B}"
EndProject
Project("{9A19103F-16F7-4668-BE54-9A1E7A4F7556}") = "Gol.Service", "Gol.Service\Gol.Service.csproj", "{1A24A5F8-2F3C-4057-9D33-D59A1A2D939A}"
EndProject
Project("{9A19103F-16F7-4668-BE54-9A1E7A4F7556}") = "Gol.Infra.Data", "Gol.Infra.Data\Gol.Infra.Data.csproj", "{577E1C20-749C-4196-B6D9-A4AD40DE39BF}"
EndProject
Project("{9A19103F-16F7-4668-BE54-9A1E7A4F7556}") = "Gol.IoC", "Gol.IoC\Gol.IoC.csproj", "{F06F1ADF-71F9-4C89-8C33-30C0EF094317}"
EndProject
Project("{9A19103F-16F7-4668-BE54-9A1E7A4F7556}") = "Gol.Test", "Gol.Test\Gol.Test.csproj", "{3E81FE56-3A9B-4EF1-888D-44F5AC564251}"
EndProject
Global
	GlobalSection(SolutionConfigurationPlatforms) = preSolution
		Debug|Any CPU = Debug|Any CPU
		Release|Any CPU = Release|Any CPU
	EndGlobalSection
	GlobalSection(ProjectConfigurationPlatforms) = postSolution
		{E24A75DA-9962-4C7C-8BC8-09A003ABEED0}.Debug|Any CPU.ActiveCfg = Debug|Any CPU
		{E24A75DA-9962-4C7C-8BC8-09A003ABEED0}.Debug|Any CPU.Build.0 = Debug|Any CPU
		{E24A75DA-9962-4C7C-8BC8-09A003ABEED0}.Release|Any CPU.ActiveCfg = Release|Any CPU
		{E24A75DA-9962-4C7C-8BC8-09A003ABEED0}.Release|Any CPU.Build.0 = Release|Any CPU
		{6CD13B2E-8EC7-4B1E-92EA-BF1719C01B5B}.Debug|Any CPU.ActiveCfg = Debug|Any CPU
		{6CD13B2E-8EC7-4B1E-92EA-BF1719C01B5B}.Debug|Any CPU.Build.0 = Debug|Any CPU
		{6CD13B2E-8EC7-4B1E-92EA-BF1719C01B5B}.Release|Any CPU.ActiveCfg = Release|Any CPU
		{6CD13B2E-8EC7-4B1E-92EA-BF1719C01B5B}.Release|Any CPU.Build.0 = Release|Any CPU
		{1A24A5F8-2F3C-4057-9D33-D59A1A2D939A}.Debug|Any CPU.ActiveCfg = Debug|Any CPU
		{1A24A5F8-2F3C-4057-9D33-D59A1A2D939A}.Debug|Any CPU.Build.0 = Debug|Any CPU
		{1A24A5F8-2F3C-4057-9D33-D59A1A2D939A}.Release|Any CPU.ActiveCfg = Release|Any CPU
		{1A24A5F8-2F3C-4057-9D33-D59A1A2D939A}.Release|Any CPU.Build.0 = Release|Any CPU
		{577E1C20-749C-4196-B6D9-A4AD40DE39BF}.Debug|Any CPU.ActiveCfg = Debug|Any CPU
		{577E1C20-749C-4196-B6D9-A4AD40DE39BF}.Debug|Any CPU.Build.0 = Debug|Any CPU
		{577E1C20-749C-4196-B6D9-A4AD40DE39BF}.Release|Any CPU.ActiveCfg = Release|Any CPU
		{577E1C20-749C-4196-B6D9-A4AD40DE39BF}.Release|Any CPU.Build.0 = Release|Any CPU
		{F06F1ADF-71F9-4C89-8C33-30C0EF094317}.Debug|Any CPU.ActiveCfg = Debug|Any CPU
		{F06F1ADF-71F9-4C89-8C33-30C0EF094317}.Debug|Any CPU.Build.0 = Debug|Any CPU
		{F06F1ADF-71F9-4C89-8C33-30C0EF094317}.Release|Any CPU.ActiveCfg = Release|Any CPU
		{F06F1ADF-71F9-4C89-8C33-30C0EF094317}.Release|Any CPU.Build.0 = Release|Any CPU
		{3E81FE56-3A9B-4EF1-888D-44F5AC564251}.Debug|Any CPU.ActiveCfg = Debug|Any CPU
		{3E81FE56-3A9B-4EF1-888D-44F5AC564251}.Debug|Any CPU.Build.0 = Debug|Any CPU
		{3E81FE56-3A9B-4EF1-888D-44F5AC564251}.Release|Any CPU.ActiveCfg = Release|Any CPU
		{3E81FE56-3A9B-4EF1-888D-44F5AC564251}.Release|Any CPU.Build.0 = Release|Any CPU
	EndGlobalSection
	GlobalSection(SolutionProperties) = preSolution
		HideSolutionNode = FALSE
	EndGlobalSection
	GlobalSection(NestedProjects) = preSolution
		{0C4D905A-1ED3-4280-A548-90CC62E6F3E8} = {D5F0F6CF-0881-42DD-B91B-199E0D70638F}
		{E24A75DA-9962-4C7C-8BC8-09A003ABEED0} = {78286681-97C3-40CF-96E5-A2C53B04BF4E}
		{6CD13B2E-8EC7-4B1E-92EA-BF1719C01B5B} = {36BEFA5E-59C5-465D-B56C-EDBF6E65DF38}
		{1A24A5F8-2F3C-4057-9D33-D59A1A2D939A} = {0BF440D7-BC65-4C28-887E-9FEFF6D8D866}
		{577E1C20-749C-4196-B6D9-A4AD40DE39BF} = {0C4D905A-1ED3-4280-A548-90CC62E6F3E8}
		{F06F1ADF-71F9-4C89-8C33-30C0EF094317} = {285E9192-84D9-4E12-8EFC-2BF7C34AE0AF}
		{3E81FE56-3A9B-4EF1-888D-44F5AC564251} = {52F34C89-4C42-4C8B-8152-C6E8F336B1C1}
	EndGlobalSection
	GlobalSection(ExtensibilityGlobals) = postSolution
		SolutionGuid = {3DC0B8A5-5AA5-4A9D-BB50-5D448BB5C7CB}
	EndGlobalSection
EndGlobal
